// !$*UTF8*$!
{
	archiveVersion = 1;
	classes = {
	};
	objectVersion = 52;
	objects = {

/* Begin PBXBuildFile section */
		F7206EEB25A4148B0061CEFD /* ScalingCarousel in Frameworks */ = {isa = PBXBuildFile; productRef = F7206EEA25A4148B0061CEFD /* ScalingCarousel */; };
		F7206EF025A416990061CEFD /* SettingsCollectionViewCell.swift in Sources */ = {isa = PBXBuildFile; fileRef = F7206EEF25A416990061CEFD /* SettingsCollectionViewCell.swift */; };
		F7206F0925A41AC00061CEFD /* nanopb.xcframework in Frameworks */ = {isa = PBXBuildFile; fileRef = F7206EFE25A41AC00061CEFD /* nanopb.xcframework */; };
		F7206F0A25A41AC00061CEFD /* GoogleAppMeasurement.framework in Frameworks */ = {isa = PBXBuildFile; fileRef = F7206EFF25A41AC00061CEFD /* GoogleAppMeasurement.framework */; };
		F7206F0B25A41AC00061CEFD /* Promises-LICENSE in Resources */ = {isa = PBXBuildFile; fileRef = F7206F0125A41AC00061CEFD /* Promises-LICENSE */; };
		F7206F0C25A41AC00061CEFD /* NanoPB-LICENSE in Resources */ = {isa = PBXBuildFile; fileRef = F7206F0225A41AC00061CEFD /* NanoPB-LICENSE */; };
		F7206F0D25A41AC00061CEFD /* OpenMeasurement-LICENSE in Resources */ = {isa = PBXBuildFile; fileRef = F7206F0325A41AC00061CEFD /* OpenMeasurement-LICENSE */; };
		F7206F0E25A41AC00061CEFD /* GoogleUtilities-LICENSE in Resources */ = {isa = PBXBuildFile; fileRef = F7206F0425A41AC00061CEFD /* GoogleUtilities-LICENSE */; };
		F7206F0F25A41AC00061CEFD /* PromisesObjC.xcframework in Frameworks */ = {isa = PBXBuildFile; fileRef = F7206F0525A41AC00061CEFD /* PromisesObjC.xcframework */; };
		F7206F1025A41AC00061CEFD /* UserMessagingPlatform.xcframework in Frameworks */ = {isa = PBXBuildFile; fileRef = F7206F0625A41AC00061CEFD /* UserMessagingPlatform.xcframework */; };
		F7206F1225A41AC00061CEFD /* GoogleUtilities.xcframework in Frameworks */ = {isa = PBXBuildFile; fileRef = F7206F0825A41AC00061CEFD /* GoogleUtilities.xcframework */; };
		F7206F1625A41AF00061CEFD /* GoogleMobileAds.xcframework in Frameworks */ = {isa = PBXBuildFile; fileRef = F7206F0725A41AC00061CEFD /* GoogleMobileAds.xcframework */; };
		F7206F1F25A4AF4A0061CEFD /* Gradients.json in Resources */ = {isa = PBXBuildFile; fileRef = F7206F1E25A4AF4A0061CEFD /* Gradients.json */; };
		F7206F2425A4AF970061CEFD /* GradientsManager.swift in Sources */ = {isa = PBXBuildFile; fileRef = F7206F2325A4AF970061CEFD /* GradientsManager.swift */; };
		F7263F9220B0C223007D790B /* AppDelegate.swift in Sources */ = {isa = PBXBuildFile; fileRef = F7263F9120B0C223007D790B /* AppDelegate.swift */; };
		F7263F9420B0C223007D790B /* ViewController.swift in Sources */ = {isa = PBXBuildFile; fileRef = F7263F9320B0C223007D790B /* ViewController.swift */; };
		F7263F9720B0C223007D790B /* Main.storyboard in Resources */ = {isa = PBXBuildFile; fileRef = F7263F9520B0C223007D790B /* Main.storyboard */; };
		F7263F9920B0C225007D790B /* Assets.xcassets in Resources */ = {isa = PBXBuildFile; fileRef = F7263F9820B0C225007D790B /* Assets.xcassets */; };
		F7263F9C20B0C225007D790B /* LaunchScreen.storyboard in Resources */ = {isa = PBXBuildFile; fileRef = F7263F9A20B0C225007D790B /* LaunchScreen.storyboard */; };
		F7263FA720B0C225007D790B /* Chess_TimerTests.swift in Sources */ = {isa = PBXBuildFile; fileRef = F7263FA620B0C225007D790B /* Chess_TimerTests.swift */; };
		F7263FB220B0C225007D790B /* Chess_TimerUITests.swift in Sources */ = {isa = PBXBuildFile; fileRef = F7263FB120B0C225007D790B /* Chess_TimerUITests.swift */; };
		F7745F2325A5104D005B7F7D /* NSLayoutConstraint.swift in Sources */ = {isa = PBXBuildFile; fileRef = F7745F2225A5104D005B7F7D /* NSLayoutConstraint.swift */; };
		F792559225A3C3AE00BBE546 /* UIColor.swift in Sources */ = {isa = PBXBuildFile; fileRef = F792559125A3C3AE00BBE546 /* UIColor.swift */; };
		F79255B925A3C70800BBE546 /* UIColor_Hex_Swift in Frameworks */ = {isa = PBXBuildFile; productRef = F79255B825A3C70800BBE546 /* UIColor_Hex_Swift */; };
		F79255BE25A3C7A000BBE546 /* Game.swift in Sources */ = {isa = PBXBuildFile; fileRef = F79255BD25A3C7A000BBE546 /* Game.swift */; };
		F7BCAF6E259EF1F3000E7346 /* PrefrencesViewController.swift in Sources */ = {isa = PBXBuildFile; fileRef = F7BCAF6D259EF1F3000E7346 /* PrefrencesViewController.swift */; };
		F7BCAF73259EF4B2000E7346 /* TitleLabel.swift in Sources */ = {isa = PBXBuildFile; fileRef = F7BCAF72259EF4B2000E7346 /* TitleLabel.swift */; };
		F7BCAF78259EF4C8000E7346 /* Palette.swift in Sources */ = {isa = PBXBuildFile; fileRef = F7BCAF77259EF4C8000E7346 /* Palette.swift */; };
		F7BCAF7D259EF4D0000E7346 /* PaletteManager.swift in Sources */ = {isa = PBXBuildFile; fileRef = F7BCAF7C259EF4D0000E7346 /* PaletteManager.swift */; };
		F7BCAF82259EF4FF000E7346 /* ShadowView.swift in Sources */ = {isa = PBXBuildFile; fileRef = F7BCAF81259EF4FF000E7346 /* ShadowView.swift */; };
		F7BCAF8D259EF746000E7346 /* Color.swift in Sources */ = {isa = PBXBuildFile; fileRef = F7BCAF8C259EF746000E7346 /* Color.swift */; };
		F7BCAF97259EF7B1000E7346 /* Widget.swift in Sources */ = {isa = PBXBuildFile; fileRef = F7BCAF96259EF7B1000E7346 /* Widget.swift */; };
		F7BCAFA4259EFA7A000E7346 /* UIView.swift in Sources */ = {isa = PBXBuildFile; fileRef = F7BCAFA3259EFA7A000E7346 /* UIView.swift */; };
		F7BCAFAC259EFFFF000E7346 /* Clock.swift in Sources */ = {isa = PBXBuildFile; fileRef = F7BCAFAB259EFFFF000E7346 /* Clock.swift */; };
		F7BCAFB1259F01FB000E7346 /* TimeInterval.swift in Sources */ = {isa = PBXBuildFile; fileRef = F7BCAFB0259F01FB000E7346 /* TimeInterval.swift */; };
		F7BCAFB6259F088D000E7346 /* StackButton.swift in Sources */ = {isa = PBXBuildFile; fileRef = F7BCAFB5259F088D000E7346 /* StackButton.swift */; };
		F7BCAFBB259F0AA0000E7346 /* BaseViewController.swift in Sources */ = {isa = PBXBuildFile; fileRef = F7BCAFBA259F0AA0000E7346 /* BaseViewController.swift */; };
		F7BCAFC0259F0E64000E7346 /* PaletteCell.swift in Sources */ = {isa = PBXBuildFile; fileRef = F7BCAFBF259F0E64000E7346 /* PaletteCell.swift */; };
		F7BCAFF7259FBA4E000E7346 /* Palettes.json in Resources */ = {isa = PBXBuildFile; fileRef = F7BCAFF6259FBA4E000E7346 /* Palettes.json */; };
		F7D34F0425A53CB900D3C5F2 /* ScreenCorners in Frameworks */ = {isa = PBXBuildFile; productRef = F7D34F0325A53CB900D3C5F2 /* ScreenCorners */; };
		F7EF0B89259EAA390067B5DE /* UIDevice.swift in Sources */ = {isa = PBXBuildFile; fileRef = F7EF0B88259EAA390067B5DE /* UIDevice.swift */; };
		F7EF0B96259EAAF70067B5DE /* CTView.swift in Sources */ = {isa = PBXBuildFile; fileRef = F7EF0B95259EAAF70067B5DE /* CTView.swift */; };
		F7EF0B9E259EB8630067B5DE /* SettingsViewController.swift in Sources */ = {isa = PBXBuildFile; fileRef = F7EF0B9D259EB8630067B5DE /* SettingsViewController.swift */; };
		F7EF0BA3259EB8A60067B5DE /* PaletteViewController.swift in Sources */ = {isa = PBXBuildFile; fileRef = F7EF0BA2259EB8A60067B5DE /* PaletteViewController.swift */; };
/* End PBXBuildFile section */

/* Begin PBXContainerItemProxy section */
		F7263FA320B0C225007D790B /* PBXContainerItemProxy */ = {
			isa = PBXContainerItemProxy;
			containerPortal = F7263F8620B0C223007D790B /* Project object */;
			proxyType = 1;
			remoteGlobalIDString = F7263F8D20B0C223007D790B;
			remoteInfo = "Chess Timer";
		};
		F7263FAE20B0C225007D790B /* PBXContainerItemProxy */ = {
			isa = PBXContainerItemProxy;
			containerPortal = F7263F8620B0C223007D790B /* Project object */;
			proxyType = 1;
			remoteGlobalIDString = F7263F8D20B0C223007D790B;
			remoteInfo = "Chess Timer";
		};
/* End PBXContainerItemProxy section */

/* Begin PBXFileReference section */
		F7206EEF25A416990061CEFD /* SettingsCollectionViewCell.swift */ = {isa = PBXFileReference; lastKnownFileType = sourcecode.swift; path = SettingsCollectionViewCell.swift; sourceTree = "<group>"; };
		F7206EFE25A41AC00061CEFD /* nanopb.xcframework */ = {isa = PBXFileReference; lastKnownFileType = wrapper.xcframework; path = nanopb.xcframework; sourceTree = "<group>"; };
		F7206EFF25A41AC00061CEFD /* GoogleAppMeasurement.framework */ = {isa = PBXFileReference; lastKnownFileType = wrapper.framework; path = GoogleAppMeasurement.framework; sourceTree = "<group>"; };
		F7206F0125A41AC00061CEFD /* Promises-LICENSE */ = {isa = PBXFileReference; fileEncoding = 4; lastKnownFileType = text; path = "Promises-LICENSE"; sourceTree = "<group>"; };
		F7206F0225A41AC00061CEFD /* NanoPB-LICENSE */ = {isa = PBXFileReference; fileEncoding = 4; lastKnownFileType = text; path = "NanoPB-LICENSE"; sourceTree = "<group>"; };
		F7206F0325A41AC00061CEFD /* OpenMeasurement-LICENSE */ = {isa = PBXFileReference; fileEncoding = 4; lastKnownFileType = text; path = "OpenMeasurement-LICENSE"; sourceTree = "<group>"; };
		F7206F0425A41AC00061CEFD /* GoogleUtilities-LICENSE */ = {isa = PBXFileReference; fileEncoding = 4; lastKnownFileType = text; path = "GoogleUtilities-LICENSE"; sourceTree = "<group>"; };
		F7206F0525A41AC00061CEFD /* PromisesObjC.xcframework */ = {isa = PBXFileReference; lastKnownFileType = wrapper.xcframework; path = PromisesObjC.xcframework; sourceTree = "<group>"; };
		F7206F0625A41AC00061CEFD /* UserMessagingPlatform.xcframework */ = {isa = PBXFileReference; lastKnownFileType = wrapper.xcframework; path = UserMessagingPlatform.xcframework; sourceTree = "<group>"; };
		F7206F0725A41AC00061CEFD /* GoogleMobileAds.xcframework */ = {isa = PBXFileReference; lastKnownFileType = wrapper.xcframework; path = GoogleMobileAds.xcframework; sourceTree = "<group>"; };
		F7206F0825A41AC00061CEFD /* GoogleUtilities.xcframework */ = {isa = PBXFileReference; lastKnownFileType = wrapper.xcframework; path = GoogleUtilities.xcframework; sourceTree = "<group>"; };
		F7206F1E25A4AF4A0061CEFD /* Gradients.json */ = {isa = PBXFileReference; lastKnownFileType = text.json; path = Gradients.json; sourceTree = "<group>"; };
		F7206F2325A4AF970061CEFD /* GradientsManager.swift */ = {isa = PBXFileReference; lastKnownFileType = sourcecode.swift; path = GradientsManager.swift; sourceTree = "<group>"; };
		F7263F8E20B0C223007D790B /* Chess Timer.app */ = {isa = PBXFileReference; explicitFileType = wrapper.application; includeInIndex = 0; path = "Chess Timer.app"; sourceTree = BUILT_PRODUCTS_DIR; };
		F7263F9120B0C223007D790B /* AppDelegate.swift */ = {isa = PBXFileReference; lastKnownFileType = sourcecode.swift; path = AppDelegate.swift; sourceTree = "<group>"; };
		F7263F9320B0C223007D790B /* ViewController.swift */ = {isa = PBXFileReference; lastKnownFileType = sourcecode.swift; path = ViewController.swift; sourceTree = "<group>"; };
		F7263F9620B0C223007D790B /* Base */ = {isa = PBXFileReference; lastKnownFileType = file.storyboard; name = Base; path = Base.lproj/Main.storyboard; sourceTree = "<group>"; };
		F7263F9820B0C225007D790B /* Assets.xcassets */ = {isa = PBXFileReference; lastKnownFileType = folder.assetcatalog; path = Assets.xcassets; sourceTree = "<group>"; };
		F7263F9B20B0C225007D790B /* Base */ = {isa = PBXFileReference; lastKnownFileType = file.storyboard; name = Base; path = Base.lproj/LaunchScreen.storyboard; sourceTree = "<group>"; };
		F7263F9D20B0C225007D790B /* Info.plist */ = {isa = PBXFileReference; lastKnownFileType = text.plist.xml; path = Info.plist; sourceTree = "<group>"; };
		F7263FA220B0C225007D790B /* Chess TimerTests.xctest */ = {isa = PBXFileReference; explicitFileType = wrapper.cfbundle; includeInIndex = 0; path = "Chess TimerTests.xctest"; sourceTree = BUILT_PRODUCTS_DIR; };
		F7263FA620B0C225007D790B /* Chess_TimerTests.swift */ = {isa = PBXFileReference; lastKnownFileType = sourcecode.swift; path = Chess_TimerTests.swift; sourceTree = "<group>"; };
		F7263FA820B0C225007D790B /* Info.plist */ = {isa = PBXFileReference; lastKnownFileType = text.plist.xml; path = Info.plist; sourceTree = "<group>"; };
		F7263FAD20B0C225007D790B /* Chess TimerUITests.xctest */ = {isa = PBXFileReference; explicitFileType = wrapper.cfbundle; includeInIndex = 0; path = "Chess TimerUITests.xctest"; sourceTree = BUILT_PRODUCTS_DIR; };
		F7263FB120B0C225007D790B /* Chess_TimerUITests.swift */ = {isa = PBXFileReference; lastKnownFileType = sourcecode.swift; path = Chess_TimerUITests.swift; sourceTree = "<group>"; };
		F7263FB320B0C225007D790B /* Info.plist */ = {isa = PBXFileReference; lastKnownFileType = text.plist.xml; path = Info.plist; sourceTree = "<group>"; };
		F7745F2225A5104D005B7F7D /* NSLayoutConstraint.swift */ = {isa = PBXFileReference; lastKnownFileType = sourcecode.swift; path = NSLayoutConstraint.swift; sourceTree = "<group>"; };
		F792559125A3C3AE00BBE546 /* UIColor.swift */ = {isa = PBXFileReference; lastKnownFileType = sourcecode.swift; path = UIColor.swift; sourceTree = "<group>"; };
		F79255BD25A3C7A000BBE546 /* Game.swift */ = {isa = PBXFileReference; lastKnownFileType = sourcecode.swift; path = Game.swift; sourceTree = "<group>"; };
		F7BCAF6D259EF1F3000E7346 /* PrefrencesViewController.swift */ = {isa = PBXFileReference; lastKnownFileType = sourcecode.swift; path = PrefrencesViewController.swift; sourceTree = "<group>"; };
		F7BCAF72259EF4B2000E7346 /* TitleLabel.swift */ = {isa = PBXFileReference; lastKnownFileType = sourcecode.swift; path = TitleLabel.swift; sourceTree = "<group>"; };
		F7BCAF77259EF4C8000E7346 /* Palette.swift */ = {isa = PBXFileReference; lastKnownFileType = sourcecode.swift; path = Palette.swift; sourceTree = "<group>"; };
		F7BCAF7C259EF4D0000E7346 /* PaletteManager.swift */ = {isa = PBXFileReference; lastKnownFileType = sourcecode.swift; path = PaletteManager.swift; sourceTree = "<group>"; };
		F7BCAF81259EF4FF000E7346 /* ShadowView.swift */ = {isa = PBXFileReference; lastKnownFileType = sourcecode.swift; path = ShadowView.swift; sourceTree = "<group>"; };
		F7BCAF8C259EF746000E7346 /* Color.swift */ = {isa = PBXFileReference; lastKnownFileType = sourcecode.swift; path = Color.swift; sourceTree = "<group>"; };
		F7BCAF96259EF7B1000E7346 /* Widget.swift */ = {isa = PBXFileReference; lastKnownFileType = sourcecode.swift; path = Widget.swift; sourceTree = "<group>"; };
		F7BCAFA3259EFA7A000E7346 /* UIView.swift */ = {isa = PBXFileReference; lastKnownFileType = sourcecode.swift; path = UIView.swift; sourceTree = "<group>"; };
		F7BCAFAB259EFFFF000E7346 /* Clock.swift */ = {isa = PBXFileReference; lastKnownFileType = sourcecode.swift; path = Clock.swift; sourceTree = "<group>"; };
		F7BCAFB0259F01FB000E7346 /* TimeInterval.swift */ = {isa = PBXFileReference; lastKnownFileType = sourcecode.swift; path = TimeInterval.swift; sourceTree = "<group>"; };
		F7BCAFB5259F088D000E7346 /* StackButton.swift */ = {isa = PBXFileReference; lastKnownFileType = sourcecode.swift; path = StackButton.swift; sourceTree = "<group>"; };
		F7BCAFBA259F0AA0000E7346 /* BaseViewController.swift */ = {isa = PBXFileReference; lastKnownFileType = sourcecode.swift; path = BaseViewController.swift; sourceTree = "<group>"; };
		F7BCAFBF259F0E64000E7346 /* PaletteCell.swift */ = {isa = PBXFileReference; lastKnownFileType = sourcecode.swift; path = PaletteCell.swift; sourceTree = "<group>"; };
		F7BCAFF6259FBA4E000E7346 /* Palettes.json */ = {isa = PBXFileReference; fileEncoding = 4; lastKnownFileType = text.json; path = Palettes.json; sourceTree = "<group>"; };
		F7EF0B88259EAA390067B5DE /* UIDevice.swift */ = {isa = PBXFileReference; lastKnownFileType = sourcecode.swift; path = UIDevice.swift; sourceTree = "<group>"; };
		F7EF0B95259EAAF70067B5DE /* CTView.swift */ = {isa = PBXFileReference; lastKnownFileType = sourcecode.swift; path = CTView.swift; sourceTree = "<group>"; };
		F7EF0B9D259EB8630067B5DE /* SettingsViewController.swift */ = {isa = PBXFileReference; lastKnownFileType = sourcecode.swift; path = SettingsViewController.swift; sourceTree = "<group>"; };
		F7EF0BA2259EB8A60067B5DE /* PaletteViewController.swift */ = {isa = PBXFileReference; lastKnownFileType = sourcecode.swift; path = PaletteViewController.swift; sourceTree = "<group>"; };
/* End PBXFileReference section */

/* Begin PBXFrameworksBuildPhase section */
		F7263F8B20B0C223007D790B /* Frameworks */ = {
			isa = PBXFrameworksBuildPhase;
			buildActionMask = 2147483647;
			files = (
				F7206F0925A41AC00061CEFD /* nanopb.xcframework in Frameworks */,
				F7206EEB25A4148B0061CEFD /* ScalingCarousel in Frameworks */,
				F7206F0A25A41AC00061CEFD /* GoogleAppMeasurement.framework in Frameworks */,
				F7206F1225A41AC00061CEFD /* GoogleUtilities.xcframework in Frameworks */,
				F79255B925A3C70800BBE546 /* UIColor_Hex_Swift in Frameworks */,
				F7206F1025A41AC00061CEFD /* UserMessagingPlatform.xcframework in Frameworks */,
				F7D34F0425A53CB900D3C5F2 /* ScreenCorners in Frameworks */,
				F7206F0F25A41AC00061CEFD /* PromisesObjC.xcframework in Frameworks */,
				F7206F1625A41AF00061CEFD /* GoogleMobileAds.xcframework in Frameworks */,
			);
			runOnlyForDeploymentPostprocessing = 0;
		};
		F7263F9F20B0C225007D790B /* Frameworks */ = {
			isa = PBXFrameworksBuildPhase;
			buildActionMask = 2147483647;
			files = (
			);
			runOnlyForDeploymentPostprocessing = 0;
		};
		F7263FAA20B0C225007D790B /* Frameworks */ = {
			isa = PBXFrameworksBuildPhase;
			buildActionMask = 2147483647;
			files = (
			);
			runOnlyForDeploymentPostprocessing = 0;
		};
/* End PBXFrameworksBuildPhase section */

/* Begin PBXGroup section */
		F7206EFD25A41AC00061CEFD /* GoogleMobileAdsSdkiOS-7.69.0 */ = {
			isa = PBXGroup;
			children = (
				F7206EFE25A41AC00061CEFD /* nanopb.xcframework */,
				F7206EFF25A41AC00061CEFD /* GoogleAppMeasurement.framework */,
				F7206F0025A41AC00061CEFD /* Licenses */,
				F7206F0525A41AC00061CEFD /* PromisesObjC.xcframework */,
				F7206F0625A41AC00061CEFD /* UserMessagingPlatform.xcframework */,
				F7206F0725A41AC00061CEFD /* GoogleMobileAds.xcframework */,
				F7206F0825A41AC00061CEFD /* GoogleUtilities.xcframework */,
			);
			path = "GoogleMobileAdsSdkiOS-7.69.0";
			sourceTree = "<group>";
		};
		F7206F0025A41AC00061CEFD /* Licenses */ = {
			isa = PBXGroup;
			children = (
				F7206F0125A41AC00061CEFD /* Promises-LICENSE */,
				F7206F0225A41AC00061CEFD /* NanoPB-LICENSE */,
				F7206F0325A41AC00061CEFD /* OpenMeasurement-LICENSE */,
				F7206F0425A41AC00061CEFD /* GoogleUtilities-LICENSE */,
			);
			path = Licenses;
			sourceTree = "<group>";
		};
		F7263F8520B0C223007D790B = {
			isa = PBXGroup;
			children = (
				F7263F9020B0C223007D790B /* Chess Timer */,
				F7263FA520B0C225007D790B /* Chess TimerTests */,
				F7263FB020B0C225007D790B /* Chess TimerUITests */,
				F7263F8F20B0C223007D790B /* Products */,
			);
			sourceTree = "<group>";
		};
		F7263F8F20B0C223007D790B /* Products */ = {
			isa = PBXGroup;
			children = (
				F7263F8E20B0C223007D790B /* Chess Timer.app */,
				F7263FA220B0C225007D790B /* Chess TimerTests.xctest */,
				F7263FAD20B0C225007D790B /* Chess TimerUITests.xctest */,
			);
			name = Products;
			sourceTree = "<group>";
		};
		F7263F9020B0C223007D790B /* Chess Timer */ = {
			isa = PBXGroup;
			children = (
				F7206EFD25A41AC00061CEFD /* GoogleMobileAdsSdkiOS-7.69.0 */,
				F7EF0BAA259EBD300067B5DE /* Assets */,
				F7EF0BA9259EBD260067B5DE /* Classes */,
				F7EF0BA8259EBCA90067B5DE /* ViewControllers */,
				F7EF0BA7259EBCA20067B5DE /* Extensions */,
				F7263F9120B0C223007D790B /* AppDelegate.swift */,
				F7263F9520B0C223007D790B /* Main.storyboard */,
				F7263F9820B0C225007D790B /* Assets.xcassets */,
				F7263F9A20B0C225007D790B /* LaunchScreen.storyboard */,
				F7263F9D20B0C225007D790B /* Info.plist */,
			);
			path = "Chess Timer";
			sourceTree = "<group>";
		};
		F7263FA520B0C225007D790B /* Chess TimerTests */ = {
			isa = PBXGroup;
			children = (
				F7263FA620B0C225007D790B /* Chess_TimerTests.swift */,
				F7263FA820B0C225007D790B /* Info.plist */,
			);
			path = "Chess TimerTests";
			sourceTree = "<group>";
		};
		F7263FB020B0C225007D790B /* Chess TimerUITests */ = {
			isa = PBXGroup;
			children = (
				F7263FB120B0C225007D790B /* Chess_TimerUITests.swift */,
				F7263FB320B0C225007D790B /* Info.plist */,
			);
			path = "Chess TimerUITests";
			sourceTree = "<group>";
		};
		F7BCAF86259EF55A000E7346 /* Palette */ = {
			isa = PBXGroup;
			children = (
				F7BCAF7C259EF4D0000E7346 /* PaletteManager.swift */,
				F7BCAF77259EF4C8000E7346 /* Palette.swift */,
				F7BCAF8C259EF746000E7346 /* Color.swift */,
				F7BCAF96259EF7B1000E7346 /* Widget.swift */,
			);
			path = Palette;
			sourceTree = "<group>";
		};
		F7EF0BA7259EBCA20067B5DE /* Extensions */ = {
			isa = PBXGroup;
			children = (
				F7EF0B88259EAA390067B5DE /* UIDevice.swift */,
				F7BCAFA3259EFA7A000E7346 /* UIView.swift */,
				F7BCAFB0259F01FB000E7346 /* TimeInterval.swift */,
				F792559125A3C3AE00BBE546 /* UIColor.swift */,
				F7206F2325A4AF970061CEFD /* GradientsManager.swift */,
				F7745F2225A5104D005B7F7D /* NSLayoutConstraint.swift */,
			);
			path = Extensions;
			sourceTree = "<group>";
		};
		F7EF0BA8259EBCA90067B5DE /* ViewControllers */ = {
			isa = PBXGroup;
			children = (
				F7263F9320B0C223007D790B /* ViewController.swift */,
				F7EF0B9D259EB8630067B5DE /* SettingsViewController.swift */,
				F7EF0BA2259EB8A60067B5DE /* PaletteViewController.swift */,
				F7BCAF6D259EF1F3000E7346 /* PrefrencesViewController.swift */,
				F7BCAFBA259F0AA0000E7346 /* BaseViewController.swift */,
			);
			path = ViewControllers;
			sourceTree = "<group>";
		};
		F7EF0BA9259EBD260067B5DE /* Classes */ = {
			isa = PBXGroup;
			children = (
				F7BCAF86259EF55A000E7346 /* Palette */,
				F7EF0B95259EAAF70067B5DE /* CTView.swift */,
				F7BCAF72259EF4B2000E7346 /* TitleLabel.swift */,
				F7BCAF81259EF4FF000E7346 /* ShadowView.swift */,
				F7BCAFAB259EFFFF000E7346 /* Clock.swift */,
				F7BCAFB5259F088D000E7346 /* StackButton.swift */,
				F7BCAFBF259F0E64000E7346 /* PaletteCell.swift */,
				F79255BD25A3C7A000BBE546 /* Game.swift */,
				F7206EEF25A416990061CEFD /* SettingsCollectionViewCell.swift */,
			);
			path = Classes;
			sourceTree = "<group>";
		};
		F7EF0BAA259EBD300067B5DE /* Assets */ = {
			isa = PBXGroup;
			children = (
				F7BCAFF6259FBA4E000E7346 /* Palettes.json */,
				F7206F1E25A4AF4A0061CEFD /* Gradients.json */,
			);
			path = Assets;
			sourceTree = "<group>";
		};
/* End PBXGroup section */

/* Begin PBXNativeTarget section */
		F7263F8D20B0C223007D790B /* Chess Timer */ = {
			isa = PBXNativeTarget;
			buildConfigurationList = F7263FB620B0C225007D790B /* Build configuration list for PBXNativeTarget "Chess Timer" */;
			buildPhases = (
				F7263F8A20B0C223007D790B /* Sources */,
				F7263F8B20B0C223007D790B /* Frameworks */,
				F7263F8C20B0C223007D790B /* Resources */,
			);
			buildRules = (
			);
			dependencies = (
			);
			name = "Chess Timer";
			packageProductDependencies = (
				F79255B825A3C70800BBE546 /* UIColor_Hex_Swift */,
				F7206EEA25A4148B0061CEFD /* ScalingCarousel */,
				F7D34F0325A53CB900D3C5F2 /* ScreenCorners */,
			);
			productName = "Chess Timer";
			productReference = F7263F8E20B0C223007D790B /* Chess Timer.app */;
			productType = "com.apple.product-type.application";
		};
		F7263FA120B0C225007D790B /* Chess TimerTests */ = {
			isa = PBXNativeTarget;
			buildConfigurationList = F7263FB920B0C225007D790B /* Build configuration list for PBXNativeTarget "Chess TimerTests" */;
			buildPhases = (
				F7263F9E20B0C225007D790B /* Sources */,
				F7263F9F20B0C225007D790B /* Frameworks */,
				F7263FA020B0C225007D790B /* Resources */,
			);
			buildRules = (
			);
			dependencies = (
				F7263FA420B0C225007D790B /* PBXTargetDependency */,
			);
			name = "Chess TimerTests";
			productName = "Chess TimerTests";
			productReference = F7263FA220B0C225007D790B /* Chess TimerTests.xctest */;
			productType = "com.apple.product-type.bundle.unit-test";
		};
		F7263FAC20B0C225007D790B /* Chess TimerUITests */ = {
			isa = PBXNativeTarget;
			buildConfigurationList = F7263FBC20B0C225007D790B /* Build configuration list for PBXNativeTarget "Chess TimerUITests" */;
			buildPhases = (
				F7263FA920B0C225007D790B /* Sources */,
				F7263FAA20B0C225007D790B /* Frameworks */,
				F7263FAB20B0C225007D790B /* Resources */,
			);
			buildRules = (
			);
			dependencies = (
				F7263FAF20B0C225007D790B /* PBXTargetDependency */,
			);
			name = "Chess TimerUITests";
			productName = "Chess TimerUITests";
			productReference = F7263FAD20B0C225007D790B /* Chess TimerUITests.xctest */;
			productType = "com.apple.product-type.bundle.ui-testing";
		};
/* End PBXNativeTarget section */

/* Begin PBXProject section */
		F7263F8620B0C223007D790B /* Project object */ = {
			isa = PBXProject;
			attributes = {
				LastSwiftUpdateCheck = 0930;
				LastUpgradeCheck = 1220;
				ORGANIZATIONNAME = "Ozan Mirza";
				TargetAttributes = {
					F7263F8D20B0C223007D790B = {
						CreatedOnToolsVersion = 9.3;
						LastSwiftMigration = 1220;
					};
					F7263FA120B0C225007D790B = {
						CreatedOnToolsVersion = 9.3;
						LastSwiftMigration = 1220;
						TestTargetID = F7263F8D20B0C223007D790B;
					};
					F7263FAC20B0C225007D790B = {
						CreatedOnToolsVersion = 9.3;
						LastSwiftMigration = 1220;
						TestTargetID = F7263F8D20B0C223007D790B;
					};
				};
			};
			buildConfigurationList = F7263F8920B0C223007D790B /* Build configuration list for PBXProject "Chess Timer" */;
			compatibilityVersion = "Xcode 9.3";
			developmentRegion = en;
			hasScannedForEncodings = 0;
			knownRegions = (
				en,
				Base,
			);
			mainGroup = F7263F8520B0C223007D790B;
			packageReferences = (
				F792556625A3146300BBE546 /* XCRemoteSwiftPackageReference "UIColor-Hex-Swift" */,
				F7206EE925A4148B0061CEFD /* XCRemoteSwiftPackageReference "ScalingCarousel" */,
				F7D34F0225A53CB900D3C5F2 /* XCRemoteSwiftPackageReference "ScreenCorners" */,
			);
			productRefGroup = F7263F8F20B0C223007D790B /* Products */;
			projectDirPath = "";
			projectRoot = "";
			targets = (
				F7263F8D20B0C223007D790B /* Chess Timer */,
				F7263FA120B0C225007D790B /* Chess TimerTests */,
				F7263FAC20B0C225007D790B /* Chess TimerUITests */,
			);
		};
/* End PBXProject section */

/* Begin PBXResourcesBuildPhase section */
		F7263F8C20B0C223007D790B /* Resources */ = {
			isa = PBXResourcesBuildPhase;
			buildActionMask = 2147483647;
			files = (
				F7206F1F25A4AF4A0061CEFD /* Gradients.json in Resources */,
				F7206F0E25A41AC00061CEFD /* GoogleUtilities-LICENSE in Resources */,
				F7263F9C20B0C225007D790B /* LaunchScreen.storyboard in Resources */,
				F7263F9920B0C225007D790B /* Assets.xcassets in Resources */,
				F7206F0B25A41AC00061CEFD /* Promises-LICENSE in Resources */,
				F7263F9720B0C223007D790B /* Main.storyboard in Resources */,
				F7206F0C25A41AC00061CEFD /* NanoPB-LICENSE in Resources */,
				F7206F0D25A41AC00061CEFD /* OpenMeasurement-LICENSE in Resources */,
				F7BCAFF7259FBA4E000E7346 /* Palettes.json in Resources */,
			);
			runOnlyForDeploymentPostprocessing = 0;
		};
		F7263FA020B0C225007D790B /* Resources */ = {
			isa = PBXResourcesBuildPhase;
			buildActionMask = 2147483647;
			files = (
			);
			runOnlyForDeploymentPostprocessing = 0;
		};
		F7263FAB20B0C225007D790B /* Resources */ = {
			isa = PBXResourcesBuildPhase;
			buildActionMask = 2147483647;
			files = (
			);
			runOnlyForDeploymentPostprocessing = 0;
		};
/* End PBXResourcesBuildPhase section */

/* Begin PBXSourcesBuildPhase section */
		F7263F8A20B0C223007D790B /* Sources */ = {
			isa = PBXSourcesBuildPhase;
			buildActionMask = 2147483647;
			files = (
				F7BCAFA4259EFA7A000E7346 /* UIView.swift in Sources */,
				F7263F9420B0C223007D790B /* ViewController.swift in Sources */,
				F7BCAFAC259EFFFF000E7346 /* Clock.swift in Sources */,
				F7BCAFB1259F01FB000E7346 /* TimeInterval.swift in Sources */,
				F7BCAFBB259F0AA0000E7346 /* BaseViewController.swift in Sources */,
				F7BCAF97259EF7B1000E7346 /* Widget.swift in Sources */,
				F7BCAF82259EF4FF000E7346 /* ShadowView.swift in Sources */,
				F7745F2325A5104D005B7F7D /* NSLayoutConstraint.swift in Sources */,
				F7BCAF6E259EF1F3000E7346 /* PrefrencesViewController.swift in Sources */,
				F7BCAF8D259EF746000E7346 /* Color.swift in Sources */,
				F792559225A3C3AE00BBE546 /* UIColor.swift in Sources */,
				F7EF0B96259EAAF70067B5DE /* CTView.swift in Sources */,
				F7BCAFB6259F088D000E7346 /* StackButton.swift in Sources */,
				F7BCAF7D259EF4D0000E7346 /* PaletteManager.swift in Sources */,
				F7BCAF78259EF4C8000E7346 /* Palette.swift in Sources */,
				F7EF0B89259EAA390067B5DE /* UIDevice.swift in Sources */,
				F7EF0B9E259EB8630067B5DE /* SettingsViewController.swift in Sources */,
				F7206F2425A4AF970061CEFD /* GradientsManager.swift in Sources */,
				F7206EF025A416990061CEFD /* SettingsCollectionViewCell.swift in Sources */,
				F79255BE25A3C7A000BBE546 /* Game.swift in Sources */,
				F7BCAF73259EF4B2000E7346 /* TitleLabel.swift in Sources */,
				F7EF0BA3259EB8A60067B5DE /* PaletteViewController.swift in Sources */,
				F7263F9220B0C223007D790B /* AppDelegate.swift in Sources */,
				F7BCAFC0259F0E64000E7346 /* PaletteCell.swift in Sources */,
			);
			runOnlyForDeploymentPostprocessing = 0;
		};
		F7263F9E20B0C225007D790B /* Sources */ = {
			isa = PBXSourcesBuildPhase;
			buildActionMask = 2147483647;
			files = (
				F7263FA720B0C225007D790B /* Chess_TimerTests.swift in Sources */,
			);
			runOnlyForDeploymentPostprocessing = 0;
		};
		F7263FA920B0C225007D790B /* Sources */ = {
			isa = PBXSourcesBuildPhase;
			buildActionMask = 2147483647;
			files = (
				F7263FB220B0C225007D790B /* Chess_TimerUITests.swift in Sources */,
			);
			runOnlyForDeploymentPostprocessing = 0;
		};
/* End PBXSourcesBuildPhase section */

/* Begin PBXTargetDependency section */
		F7263FA420B0C225007D790B /* PBXTargetDependency */ = {
			isa = PBXTargetDependency;
			target = F7263F8D20B0C223007D790B /* Chess Timer */;
			targetProxy = F7263FA320B0C225007D790B /* PBXContainerItemProxy */;
		};
		F7263FAF20B0C225007D790B /* PBXTargetDependency */ = {
			isa = PBXTargetDependency;
			target = F7263F8D20B0C223007D790B /* Chess Timer */;
			targetProxy = F7263FAE20B0C225007D790B /* PBXContainerItemProxy */;
		};
/* End PBXTargetDependency section */

/* Begin PBXVariantGroup section */
		F7263F9520B0C223007D790B /* Main.storyboard */ = {
			isa = PBXVariantGroup;
			children = (
				F7263F9620B0C223007D790B /* Base */,
			);
			name = Main.storyboard;
			sourceTree = "<group>";
		};
		F7263F9A20B0C225007D790B /* LaunchScreen.storyboard */ = {
			isa = PBXVariantGroup;
			children = (
				F7263F9B20B0C225007D790B /* Base */,
			);
			name = LaunchScreen.storyboard;
			sourceTree = "<group>";
		};
/* End PBXVariantGroup section */

/* Begin XCBuildConfiguration section */
		F7263FB420B0C225007D790B /* Debug */ = {
			isa = XCBuildConfiguration;
			buildSettings = {
				ALWAYS_SEARCH_USER_PATHS = NO;
				CLANG_ANALYZER_NONNULL = YES;
				CLANG_ANALYZER_NUMBER_OBJECT_CONVERSION = YES_AGGRESSIVE;
				CLANG_CXX_LANGUAGE_STANDARD = "gnu++14";
				CLANG_CXX_LIBRARY = "libc++";
				CLANG_ENABLE_MODULES = YES;
				CLANG_ENABLE_OBJC_ARC = YES;
				CLANG_ENABLE_OBJC_WEAK = YES;
				CLANG_WARN_BLOCK_CAPTURE_AUTORELEASING = YES;
				CLANG_WARN_BOOL_CONVERSION = YES;
				CLANG_WARN_COMMA = YES;
				CLANG_WARN_CONSTANT_CONVERSION = YES;
				CLANG_WARN_DEPRECATED_OBJC_IMPLEMENTATIONS = YES;
				CLANG_WARN_DIRECT_OBJC_ISA_USAGE = YES_ERROR;
				CLANG_WARN_DOCUMENTATION_COMMENTS = YES;
				CLANG_WARN_EMPTY_BODY = YES;
				CLANG_WARN_ENUM_CONVERSION = YES;
				CLANG_WARN_INFINITE_RECURSION = YES;
				CLANG_WARN_INT_CONVERSION = YES;
				CLANG_WARN_NON_LITERAL_NULL_CONVERSION = YES;
				CLANG_WARN_OBJC_IMPLICIT_RETAIN_SELF = YES;
				CLANG_WARN_OBJC_LITERAL_CONVERSION = YES;
				CLANG_WARN_OBJC_ROOT_CLASS = YES_ERROR;
				CLANG_WARN_QUOTED_INCLUDE_IN_FRAMEWORK_HEADER = YES;
				CLANG_WARN_RANGE_LOOP_ANALYSIS = YES;
				CLANG_WARN_STRICT_PROTOTYPES = YES;
				CLANG_WARN_SUSPICIOUS_MOVE = YES;
				CLANG_WARN_UNGUARDED_AVAILABILITY = YES_AGGRESSIVE;
				CLANG_WARN_UNREACHABLE_CODE = YES;
				CLANG_WARN__DUPLICATE_METHOD_MATCH = YES;
				CODE_SIGN_IDENTITY = "iPhone Developer";
				COPY_PHASE_STRIP = NO;
				DEBUG_INFORMATION_FORMAT = dwarf;
				ENABLE_STRICT_OBJC_MSGSEND = YES;
				ENABLE_TESTABILITY = YES;
				GCC_C_LANGUAGE_STANDARD = gnu11;
				GCC_DYNAMIC_NO_PIC = NO;
				GCC_NO_COMMON_BLOCKS = YES;
				GCC_OPTIMIZATION_LEVEL = 0;
				GCC_PREPROCESSOR_DEFINITIONS = (
					"DEBUG=1",
					"$(inherited)",
				);
				GCC_WARN_64_TO_32_BIT_CONVERSION = YES;
				GCC_WARN_ABOUT_RETURN_TYPE = YES_ERROR;
				GCC_WARN_UNDECLARED_SELECTOR = YES;
				GCC_WARN_UNINITIALIZED_AUTOS = YES_AGGRESSIVE;
				GCC_WARN_UNUSED_FUNCTION = YES;
				GCC_WARN_UNUSED_VARIABLE = YES;
				IPHONEOS_DEPLOYMENT_TARGET = 13.0;
				MTL_ENABLE_DEBUG_INFO = YES;
				ONLY_ACTIVE_ARCH = YES;
				SDKROOT = iphoneos;
				SWIFT_ACTIVE_COMPILATION_CONDITIONS = DEBUG;
				SWIFT_OPTIMIZATION_LEVEL = "-Onone";
			};
			name = Debug;
		};
		F7263FB520B0C225007D790B /* Release */ = {
			isa = XCBuildConfiguration;
			buildSettings = {
				ALWAYS_SEARCH_USER_PATHS = NO;
				CLANG_ANALYZER_NONNULL = YES;
				CLANG_ANALYZER_NUMBER_OBJECT_CONVERSION = YES_AGGRESSIVE;
				CLANG_CXX_LANGUAGE_STANDARD = "gnu++14";
				CLANG_CXX_LIBRARY = "libc++";
				CLANG_ENABLE_MODULES = YES;
				CLANG_ENABLE_OBJC_ARC = YES;
				CLANG_ENABLE_OBJC_WEAK = YES;
				CLANG_WARN_BLOCK_CAPTURE_AUTORELEASING = YES;
				CLANG_WARN_BOOL_CONVERSION = YES;
				CLANG_WARN_COMMA = YES;
				CLANG_WARN_CONSTANT_CONVERSION = YES;
				CLANG_WARN_DEPRECATED_OBJC_IMPLEMENTATIONS = YES;
				CLANG_WARN_DIRECT_OBJC_ISA_USAGE = YES_ERROR;
				CLANG_WARN_DOCUMENTATION_COMMENTS = YES;
				CLANG_WARN_EMPTY_BODY = YES;
				CLANG_WARN_ENUM_CONVERSION = YES;
				CLANG_WARN_INFINITE_RECURSION = YES;
				CLANG_WARN_INT_CONVERSION = YES;
				CLANG_WARN_NON_LITERAL_NULL_CONVERSION = YES;
				CLANG_WARN_OBJC_IMPLICIT_RETAIN_SELF = YES;
				CLANG_WARN_OBJC_LITERAL_CONVERSION = YES;
				CLANG_WARN_OBJC_ROOT_CLASS = YES_ERROR;
				CLANG_WARN_QUOTED_INCLUDE_IN_FRAMEWORK_HEADER = YES;
				CLANG_WARN_RANGE_LOOP_ANALYSIS = YES;
				CLANG_WARN_STRICT_PROTOTYPES = YES;
				CLANG_WARN_SUSPICIOUS_MOVE = YES;
				CLANG_WARN_UNGUARDED_AVAILABILITY = YES_AGGRESSIVE;
				CLANG_WARN_UNREACHABLE_CODE = YES;
				CLANG_WARN__DUPLICATE_METHOD_MATCH = YES;
				CODE_SIGN_IDENTITY = "iPhone Developer";
				COPY_PHASE_STRIP = NO;
				DEBUG_INFORMATION_FORMAT = "dwarf-with-dsym";
				ENABLE_NS_ASSERTIONS = NO;
				ENABLE_STRICT_OBJC_MSGSEND = YES;
				GCC_C_LANGUAGE_STANDARD = gnu11;
				GCC_NO_COMMON_BLOCKS = YES;
				GCC_WARN_64_TO_32_BIT_CONVERSION = YES;
				GCC_WARN_ABOUT_RETURN_TYPE = YES_ERROR;
				GCC_WARN_UNDECLARED_SELECTOR = YES;
				GCC_WARN_UNINITIALIZED_AUTOS = YES_AGGRESSIVE;
				GCC_WARN_UNUSED_FUNCTION = YES;
				GCC_WARN_UNUSED_VARIABLE = YES;
				IPHONEOS_DEPLOYMENT_TARGET = 13.0;
				MTL_ENABLE_DEBUG_INFO = NO;
				SDKROOT = iphoneos;
				SWIFT_COMPILATION_MODE = wholemodule;
				SWIFT_OPTIMIZATION_LEVEL = "-O";
				VALIDATE_PRODUCT = YES;
			};
			name = Release;
		};
		F7263FB720B0C225007D790B /* Debug */ = {
			isa = XCBuildConfiguration;
			buildSettings = {
				ASSETCATALOG_COMPILER_APPICON_NAME = AppIcon;
				CODE_SIGN_STYLE = Automatic;
				CURRENT_PROJECT_VERSION = 2;
				DEVELOPMENT_TEAM = QXNMG5R4EQ;
				FRAMEWORK_SEARCH_PATHS = (
					"$(inherited)",
					"$(PROJECT_DIR)/Chess\\ Timer/GoogleMobileAdsSdkiOS-7.69.0",
				);
				INFOPLIST_FILE = "Chess Timer/Info.plist";
				IPHONEOS_DEPLOYMENT_TARGET = 13.0;
				LD_RUNPATH_SEARCH_PATHS = (
					"$(inherited)",
					"@executable_path/Frameworks",
				);
				MARKETING_VERSION = 3.0;
				PRODUCT_BUNDLE_IDENTIFIER = "com.burcumirza.Chess-Timer";
				PRODUCT_NAME = "$(TARGET_NAME)";
				SWIFT_VERSION = 5.0;
				TARGETED_DEVICE_FAMILY = "1,2";
			};
			name = Debug;
		};
		F7263FB820B0C225007D790B /* Release */ = {
			isa = XCBuildConfiguration;
			buildSettings = {
				ASSETCATALOG_COMPILER_APPICON_NAME = AppIcon;
				CODE_SIGN_STYLE = Automatic;
				CURRENT_PROJECT_VERSION = 2;
				DEVELOPMENT_TEAM = QXNMG5R4EQ;
				FRAMEWORK_SEARCH_PATHS = (
					"$(inherited)",
					"$(PROJECT_DIR)/Chess\\ Timer/GoogleMobileAdsSdkiOS-7.69.0",
				);
				INFOPLIST_FILE = "Chess Timer/Info.plist";
				IPHONEOS_DEPLOYMENT_TARGET = 13.0;
				LD_RUNPATH_SEARCH_PATHS = (
					"$(inherited)",
					"@executable_path/Frameworks",
				);
				MARKETING_VERSION = 3.0;
				PRODUCT_BUNDLE_IDENTIFIER = "com.burcumirza.Chess-Timer";
				PRODUCT_NAME = "$(TARGET_NAME)";
				SWIFT_VERSION = 5.0;
				TARGETED_DEVICE_FAMILY = "1,2";
			};
			name = Release;
		};
		F7263FBA20B0C225007D790B /* Debug */ = {
			isa = XCBuildConfiguration;
			buildSettings = {
				ALWAYS_EMBED_SWIFT_STANDARD_LIBRARIES = YES;
				BUNDLE_LOADER = "$(TEST_HOST)";
				CODE_SIGN_STYLE = Automatic;
				DEVELOPMENT_TEAM = QXNMG5R4EQ;
				INFOPLIST_FILE = "Chess TimerTests/Info.plist";
				LD_RUNPATH_SEARCH_PATHS = (
					"$(inherited)",
					"@executable_path/Frameworks",
					"@loader_path/Frameworks",
				);
				PRODUCT_BUNDLE_IDENTIFIER = "com.burcumirza.Chess-TimerTests";
				PRODUCT_NAME = "$(TARGET_NAME)";
				SWIFT_VERSION = 5.0;
				TARGETED_DEVICE_FAMILY = "1,2";
				TEST_HOST = "$(BUILT_PRODUCTS_DIR)/Chess Timer.app/Chess Timer";
			};
			name = Debug;
		};
		F7263FBB20B0C225007D790B /* Release */ = {
			isa = XCBuildConfiguration;
			buildSettings = {
				ALWAYS_EMBED_SWIFT_STANDARD_LIBRARIES = YES;
				BUNDLE_LOADER = "$(TEST_HOST)";
				CODE_SIGN_STYLE = Automatic;
				DEVELOPMENT_TEAM = QXNMG5R4EQ;
				INFOPLIST_FILE = "Chess TimerTests/Info.plist";
				LD_RUNPATH_SEARCH_PATHS = (
					"$(inherited)",
					"@executable_path/Frameworks",
					"@loader_path/Frameworks",
				);
				PRODUCT_BUNDLE_IDENTIFIER = "com.burcumirza.Chess-TimerTests";
				PRODUCT_NAME = "$(TARGET_NAME)";
				SWIFT_VERSION = 5.0;
				TARGETED_DEVICE_FAMILY = "1,2";
				TEST_HOST = "$(BUILT_PRODUCTS_DIR)/Chess Timer.app/Chess Timer";
			};
			name = Release;
		};
		F7263FBD20B0C225007D790B /* Debug */ = {
			isa = XCBuildConfiguration;
			buildSettings = {
				ALWAYS_EMBED_SWIFT_STANDARD_LIBRARIES = YES;
				CODE_SIGN_STYLE = Automatic;
				DEVELOPMENT_TEAM = QXNMG5R4EQ;
				INFOPLIST_FILE = "Chess TimerUITests/Info.plist";
				LD_RUNPATH_SEARCH_PATHS = (
					"$(inherited)",
					"@executable_path/Frameworks",
					"@loader_path/Frameworks",
				);
				PRODUCT_BUNDLE_IDENTIFIER = "com.burcumirza.Chess-TimerUITests";
				PRODUCT_NAME = "$(TARGET_NAME)";
				SWIFT_VERSION = 5.0;
				TARGETED_DEVICE_FAMILY = "1,2";
				TEST_TARGET_NAME = "Chess Timer";
			};
			name = Debug;
		};
		F7263FBE20B0C225007D790B /* Release */ = {
			isa = XCBuildConfiguration;
			buildSettings = {
				ALWAYS_EMBED_SWIFT_STANDARD_LIBRARIES = YES;
				CODE_SIGN_STYLE = Automatic;
				DEVELOPMENT_TEAM = QXNMG5R4EQ;
				INFOPLIST_FILE = "Chess TimerUITests/Info.plist";
				LD_RUNPATH_SEARCH_PATHS = (
					"$(inherited)",
					"@executable_path/Frameworks",
					"@loader_path/Frameworks",
				);
				PRODUCT_BUNDLE_IDENTIFIER = "com.burcumirza.Chess-TimerUITests";
				PRODUCT_NAME = "$(TARGET_NAME)";
				SWIFT_VERSION = 5.0;
				TARGETED_DEVICE_FAMILY = "1,2";
				TEST_TARGET_NAME = "Chess Timer";
			};
			name = Release;
		};
/* End XCBuildConfiguration section */

/* Begin XCConfigurationList section */
		F7263F8920B0C223007D790B /* Build configuration list for PBXProject "Chess Timer" */ = {
			isa = XCConfigurationList;
			buildConfigurations = (
				F7263FB420B0C225007D790B /* Debug */,
				F7263FB520B0C225007D790B /* Release */,
			);
			defaultConfigurationIsVisible = 0;
			defaultConfigurationName = Release;
		};
		F7263FB620B0C225007D790B /* Build configuration list for PBXNativeTarget "Chess Timer" */ = {
			isa = XCConfigurationList;
			buildConfigurations = (
				F7263FB720B0C225007D790B /* Debug */,
				F7263FB820B0C225007D790B /* Release */,
			);
			defaultConfigurationIsVisible = 0;
			defaultConfigurationName = Release;
		};
		F7263FB920B0C225007D790B /* Build configuration list for PBXNativeTarget "Chess TimerTests" */ = {
			isa = XCConfigurationList;
			buildConfigurations = (
				F7263FBA20B0C225007D790B /* Debug */,
				F7263FBB20B0C225007D790B /* Release */,
			);
			defaultConfigurationIsVisible = 0;
			defaultConfigurationName = Release;
		};
		F7263FBC20B0C225007D790B /* Build configuration list for PBXNativeTarget "Chess TimerUITests" */ = {
			isa = XCConfigurationList;
			buildConfigurations = (
				F7263FBD20B0C225007D790B /* Debug */,
				F7263FBE20B0C225007D790B /* Release */,
			);
			defaultConfigurationIsVisible = 0;
			defaultConfigurationName = Release;
		};
/* End XCConfigurationList section */

/* Begin XCRemoteSwiftPackageReference section */
		F7206EE925A4148B0061CEFD /* XCRemoteSwiftPackageReference "ScalingCarousel" */ = {
			isa = XCRemoteSwiftPackageReference;
			repositoryURL = "https://github.com/superpeteblaze/ScalingCarousel.git";
			requirement = {
				kind = upToNextMajorVersion;
				minimumVersion = 3.2.0;
			};
		};
		F792556625A3146300BBE546 /* XCRemoteSwiftPackageReference "UIColor-Hex-Swift" */ = {
			isa = XCRemoteSwiftPackageReference;
			repositoryURL = "https://github.com/yeahdongcn/UIColor-Hex-Swift";
			requirement = {
				kind = upToNextMajorVersion;
				minimumVersion = 5.1.1;
			};
		};
		F7D34F0225A53CB900D3C5F2 /* XCRemoteSwiftPackageReference "ScreenCorners" */ = {
			isa = XCRemoteSwiftPackageReference;
			repositoryURL = "https://github.com/kylebshr/ScreenCorners";
			requirement = {
				kind = upToNextMajorVersion;
				minimumVersion = 1.0.1;
			};
		};
/* End XCRemoteSwiftPackageReference section */

/* Begin XCSwiftPackageProductDependency section */
		F7206EEA25A4148B0061CEFD /* ScalingCarousel */ = {
			isa = XCSwiftPackageProductDependency;
			package = F7206EE925A4148B0061CEFD /* XCRemoteSwiftPackageReference "ScalingCarousel" */;
			productName = ScalingCarousel;
		};
		F79255B825A3C70800BBE546 /* UIColor_Hex_Swift */ = {
			isa = XCSwiftPackageProductDependency;
			package = F792556625A3146300BBE546 /* XCRemoteSwiftPackageReference "UIColor-Hex-Swift" */;
			productName = UIColor_Hex_Swift;
		};
		F7D34F0325A53CB900D3C5F2 /* ScreenCorners */ = {
			isa = XCSwiftPackageProductDependency;
			package = F7D34F0225A53CB900D3C5F2 /* XCRemoteSwiftPackageReference "ScreenCorners" */;
			productName = ScreenCorners;
		};
/* End XCSwiftPackageProductDependency section */
	};
	rootObject = F7263F8620B0C223007D790B /* Project object */;
}
